// !$*UTF8*$!
{
	archiveVersion = 1;
	classes = {
	};
	objectVersion = 50;
	objects = {

/* Begin PBXBuildFile section */
		0410F1EA215D5543009144E7 /* AppDelegate.swift in Sources */ = {isa = PBXBuildFile; fileRef = 0410F1E9215D5543009144E7 /* AppDelegate.swift */; };
		0410F1EC215D5543009144E7 /* ViewController.swift in Sources */ = {isa = PBXBuildFile; fileRef = 0410F1EB215D5543009144E7 /* ViewController.swift */; };
		0410F1EF215D5543009144E7 /* Main.storyboard in Resources */ = {isa = PBXBuildFile; fileRef = 0410F1ED215D5543009144E7 /* Main.storyboard */; };
		0410F1F1215D5544009144E7 /* Assets.xcassets in Resources */ = {isa = PBXBuildFile; fileRef = 0410F1F0215D5544009144E7 /* Assets.xcassets */; };
		0410F1F4215D5544009144E7 /* LaunchScreen.storyboard in Resources */ = {isa = PBXBuildFile; fileRef = 0410F1F2215D5544009144E7 /* LaunchScreen.storyboard */; };
		0410F1FC215D562B009144E7 /* Kitten.jpg in Resources */ = {isa = PBXBuildFile; fileRef = 0410F1FB215D562B009144E7 /* Kitten.jpg */; };
		0410F1FE215D6569009144E7 /* lottie.json in Resources */ = {isa = PBXBuildFile; fileRef = 0410F1FD215D6569009144E7 /* lottie.json */; };
		0410F200215D77AF009144E7 /* Background.jpg in Resources */ = {isa = PBXBuildFile; fileRef = 0410F1FF215D77AF009144E7 /* Background.jpg */; };
		0478A0ED221CD07F00FF26B6 /* Errors.swift in Sources */ = {isa = PBXBuildFile; fileRef = 0478A0EA221CD07C00FF26B6 /* Errors.swift */; };
		0478A0EE221CD07F00FF26B6 /* PixelBuffer.swift in Sources */ = {isa = PBXBuildFile; fileRef = 0478A0EB221CD07E00FF26B6 /* PixelBuffer.swift */; };
		0478A0EF221CD07F00FF26B6 /* Spitfire.swift in Sources */ = {isa = PBXBuildFile; fileRef = 0478A0EC221CD07F00FF26B6 /* Spitfire.swift */; };
		0478A0F1221CE4A500FF26B6 /* input_img.png in Resources */ = {isa = PBXBuildFile; fileRef = 0478A0F0221CE4A500FF26B6 /* input_img.png */; };
		73EAF1BB1E0F648E305F668E /* Pods_VideoExporter.framework in Frameworks */ = {isa = PBXBuildFile; fileRef = 2A0C5DCCA1500D59BF3D41C6 /* Pods_VideoExporter.framework */; };
/* End PBXBuildFile section */

/* Begin PBXFileReference section */
		0410F1E6215D5543009144E7 /* VideoExporter.app */ = {isa = PBXFileReference; explicitFileType = wrapper.application; includeInIndex = 0; path = VideoExporter.app; sourceTree = BUILT_PRODUCTS_DIR; };
		0410F1E9215D5543009144E7 /* AppDelegate.swift */ = {isa = PBXFileReference; lastKnownFileType = sourcecode.swift; path = AppDelegate.swift; sourceTree = "<group>"; };
		0410F1EB215D5543009144E7 /* ViewController.swift */ = {isa = PBXFileReference; lastKnownFileType = sourcecode.swift; path = ViewController.swift; sourceTree = "<group>"; };
		0410F1EE215D5543009144E7 /* Base */ = {isa = PBXFileReference; lastKnownFileType = file.storyboard; name = Base; path = Base.lproj/Main.storyboard; sourceTree = "<group>"; };
		0410F1F0215D5544009144E7 /* Assets.xcassets */ = {isa = PBXFileReference; lastKnownFileType = folder.assetcatalog; path = Assets.xcassets; sourceTree = "<group>"; };
		0410F1F3215D5544009144E7 /* Base */ = {isa = PBXFileReference; lastKnownFileType = file.storyboard; name = Base; path = Base.lproj/LaunchScreen.storyboard; sourceTree = "<group>"; };
		0410F1F5215D5544009144E7 /* Info.plist */ = {isa = PBXFileReference; lastKnownFileType = text.plist.xml; path = Info.plist; sourceTree = "<group>"; };
		0410F1FB215D562B009144E7 /* Kitten.jpg */ = {isa = PBXFileReference; lastKnownFileType = image.jpeg; path = Kitten.jpg; sourceTree = "<group>"; };
		0410F1FD215D6569009144E7 /* lottie.json */ = {isa = PBXFileReference; fileEncoding = 4; lastKnownFileType = text.json; path = lottie.json; sourceTree = "<group>"; };
		0410F1FF215D77AF009144E7 /* Background.jpg */ = {isa = PBXFileReference; lastKnownFileType = image.jpeg; path = Background.jpg; sourceTree = "<group>"; };
		0478A0EA221CD07C00FF26B6 /* Errors.swift */ = {isa = PBXFileReference; lastKnownFileType = sourcecode.swift; path = Errors.swift; sourceTree = "<group>"; };
		0478A0EB221CD07E00FF26B6 /* PixelBuffer.swift */ = {isa = PBXFileReference; lastKnownFileType = sourcecode.swift; path = PixelBuffer.swift; sourceTree = "<group>"; };
		0478A0EC221CD07F00FF26B6 /* Spitfire.swift */ = {isa = PBXFileReference; lastKnownFileType = sourcecode.swift; path = Spitfire.swift; sourceTree = "<group>"; };
		0478A0F0221CE4A500FF26B6 /* input_img.png */ = {isa = PBXFileReference; lastKnownFileType = image.png; name = input_img.png; path = ../../../Documents/Starified/input_img.png; sourceTree = "<group>"; };
		2A0C5DCCA1500D59BF3D41C6 /* Pods_VideoExporter.framework */ = {isa = PBXFileReference; explicitFileType = wrapper.framework; includeInIndex = 0; path = Pods_VideoExporter.framework; sourceTree = BUILT_PRODUCTS_DIR; };
		43815A936B3AD586041EEF31 /* Pods-VideoExporter.debug.xcconfig */ = {isa = PBXFileReference; includeInIndex = 1; lastKnownFileType = text.xcconfig; name = "Pods-VideoExporter.debug.xcconfig"; path = "Pods/Target Support Files/Pods-VideoExporter/Pods-VideoExporter.debug.xcconfig"; sourceTree = "<group>"; };
		B4D86512BA722D903F7DC73C /* Pods-VideoExporter.release.xcconfig */ = {isa = PBXFileReference; includeInIndex = 1; lastKnownFileType = text.xcconfig; name = "Pods-VideoExporter.release.xcconfig"; path = "Pods/Target Support Files/Pods-VideoExporter/Pods-VideoExporter.release.xcconfig"; sourceTree = "<group>"; };
/* End PBXFileReference section */

/* Begin PBXFrameworksBuildPhase section */
		0410F1E3215D5543009144E7 /* Frameworks */ = {
			isa = PBXFrameworksBuildPhase;
			buildActionMask = 2147483647;
			files = (
				73EAF1BB1E0F648E305F668E /* Pods_VideoExporter.framework in Frameworks */,
			);
			runOnlyForDeploymentPostprocessing = 0;
		};
/* End PBXFrameworksBuildPhase section */

/* Begin PBXGroup section */
		0410F1DD215D5543009144E7 = {
			isa = PBXGroup;
			children = (
				0410F1E8215D5543009144E7 /* VideoExporter */,
				0410F1E7215D5543009144E7 /* Products */,
				52B1DEFC38BD4780EEFAE404 /* Pods */,
				56243EE55E44817BE3E4DBFA /* Frameworks */,
			);
			sourceTree = "<group>";
		};
		0410F1E7215D5543009144E7 /* Products */ = {
			isa = PBXGroup;
			children = (
				0410F1E6215D5543009144E7 /* VideoExporter.app */,
			);
			name = Products;
			sourceTree = "<group>";
		};
		0410F1E8215D5543009144E7 /* VideoExporter */ = {
			isa = PBXGroup;
			children = (
				0478A0F0221CE4A500FF26B6 /* input_img.png */,
				0478A0EA221CD07C00FF26B6 /* Errors.swift */,
				0478A0EB221CD07E00FF26B6 /* PixelBuffer.swift */,
				0478A0EC221CD07F00FF26B6 /* Spitfire.swift */,
				0410F1FF215D77AF009144E7 /* Background.jpg */,
				0410F1FD215D6569009144E7 /* lottie.json */,
				0410F1E9215D5543009144E7 /* AppDelegate.swift */,
				0410F1EB215D5543009144E7 /* ViewController.swift */,
				0410F1ED215D5543009144E7 /* Main.storyboard */,
				0410F1FB215D562B009144E7 /* Kitten.jpg */,
				0410F1F0215D5544009144E7 /* Assets.xcassets */,
				0410F1F2215D5544009144E7 /* LaunchScreen.storyboard */,
				0410F1F5215D5544009144E7 /* Info.plist */,
			);
			path = VideoExporter;
			sourceTree = "<group>";
		};
		52B1DEFC38BD4780EEFAE404 /* Pods */ = {
			isa = PBXGroup;
			children = (
				43815A936B3AD586041EEF31 /* Pods-VideoExporter.debug.xcconfig */,
				B4D86512BA722D903F7DC73C /* Pods-VideoExporter.release.xcconfig */,
			);
			name = Pods;
			sourceTree = "<group>";
		};
		56243EE55E44817BE3E4DBFA /* Frameworks */ = {
			isa = PBXGroup;
			children = (
				2A0C5DCCA1500D59BF3D41C6 /* Pods_VideoExporter.framework */,
			);
			name = Frameworks;
			sourceTree = "<group>";
		};
/* End PBXGroup section */

/* Begin PBXNativeTarget section */
		0410F1E5215D5543009144E7 /* VideoExporter */ = {
			isa = PBXNativeTarget;
			buildConfigurationList = 0410F1F8215D5544009144E7 /* Build configuration list for PBXNativeTarget "VideoExporter" */;
			buildPhases = (
				6B4881747DF27BEF4DAE867F /* [CP] Check Pods Manifest.lock */,
				0410F1E2215D5543009144E7 /* Sources */,
				0410F1E3215D5543009144E7 /* Frameworks */,
				0410F1E4215D5543009144E7 /* Resources */,
				0CD9BCBCD82D2A698803D943 /* [CP] Embed Pods Frameworks */,
			);
			buildRules = (
			);
			dependencies = (
			);
			name = VideoExporter;
			productName = VideoExporter;
			productReference = 0410F1E6215D5543009144E7 /* VideoExporter.app */;
			productType = "com.apple.product-type.application";
		};
/* End PBXNativeTarget section */

/* Begin PBXProject section */
		0410F1DE215D5543009144E7 /* Project object */ = {
			isa = PBXProject;
			attributes = {
				LastSwiftUpdateCheck = 0940;
				LastUpgradeCheck = 0940;
				ORGANIZATIONNAME = "Igor Zinovev";
				TargetAttributes = {
					0410F1E5215D5543009144E7 = {
						CreatedOnToolsVersion = 9.4.1;
					};
				};
			};
			buildConfigurationList = 0410F1E1215D5543009144E7 /* Build configuration list for PBXProject "VideoExporter" */;
			compatibilityVersion = "Xcode 9.3";
			developmentRegion = en;
			hasScannedForEncodings = 0;
			knownRegions = (
				en,
				Base,
			);
			mainGroup = 0410F1DD215D5543009144E7;
			productRefGroup = 0410F1E7215D5543009144E7 /* Products */;
			projectDirPath = "";
			projectRoot = "";
			targets = (
				0410F1E5215D5543009144E7 /* VideoExporter */,
			);
		};
/* End PBXProject section */

/* Begin PBXResourcesBuildPhase section */
		0410F1E4215D5543009144E7 /* Resources */ = {
			isa = PBXResourcesBuildPhase;
			buildActionMask = 2147483647;
			files = (
				0410F1FE215D6569009144E7 /* lottie.json in Resources */,
				0410F1FC215D562B009144E7 /* Kitten.jpg in Resources */,
				0410F1F4215D5544009144E7 /* LaunchScreen.storyboard in Resources */,
				0478A0F1221CE4A500FF26B6 /* input_img.png in Resources */,
				0410F1F1215D5544009144E7 /* Assets.xcassets in Resources */,
				0410F1EF215D5543009144E7 /* Main.storyboard in Resources */,
				0410F200215D77AF009144E7 /* Background.jpg in Resources */,
			);
			runOnlyForDeploymentPostprocessing = 0;
		};
/* End PBXResourcesBuildPhase section */

/* Begin PBXShellScriptBuildPhase section */
		0CD9BCBCD82D2A698803D943 /* [CP] Embed Pods Frameworks */ = {
			isa = PBXShellScriptBuildPhase;
			buildActionMask = 2147483647;
			files = (
			);
			inputPaths = (
				"${PODS_ROOT}/Target Support Files/Pods-VideoExporter/Pods-VideoExporter-frameworks.sh",
				"${BUILT_PRODUCTS_DIR}/lottie-ios/Lottie.framework",
			);
			name = "[CP] Embed Pods Frameworks";
			outputPaths = (
				"${TARGET_BUILD_DIR}/${FRAMEWORKS_FOLDER_PATH}/Lottie.framework",
			);
			runOnlyForDeploymentPostprocessing = 0;
			shellPath = /bin/sh;
			shellScript = "\"${PODS_ROOT}/Target Support Files/Pods-VideoExporter/Pods-VideoExporter-frameworks.sh\"\n";
			showEnvVarsInLog = 0;
		};
		6B4881747DF27BEF4DAE867F /* [CP] Check Pods Manifest.lock */ = {
			isa = PBXShellScriptBuildPhase;
			buildActionMask = 2147483647;
			files = (
			);
			inputPaths = (
				"${PODS_PODFILE_DIR_PATH}/Podfile.lock",
				"${PODS_ROOT}/Manifest.lock",
			);
			name = "[CP] Check Pods Manifest.lock";
			outputPaths = (
				"$(DERIVED_FILE_DIR)/Pods-VideoExporter-checkManifestLockResult.txt",
			);
			runOnlyForDeploymentPostprocessing = 0;
			shellPath = /bin/sh;
			shellScript = "diff \"${PODS_PODFILE_DIR_PATH}/Podfile.lock\" \"${PODS_ROOT}/Manifest.lock\" > /dev/null\nif [ $? != 0 ] ; then\n    # print error to STDERR\n    echo \"error: The sandbox is not in sync with the Podfile.lock. Run 'pod install' or update your CocoaPods installation.\" >&2\n    exit 1\nfi\n# This output is used by Xcode 'outputs' to avoid re-running this script phase.\necho \"SUCCESS\" > \"${SCRIPT_OUTPUT_FILE_0}\"\n";
			showEnvVarsInLog = 0;
		};
/* End PBXShellScriptBuildPhase section */

/* Begin PBXSourcesBuildPhase section */
		0410F1E2215D5543009144E7 /* Sources */ = {
			isa = PBXSourcesBuildPhase;
			buildActionMask = 2147483647;
			files = (
				0478A0EF221CD07F00FF26B6 /* Spitfire.swift in Sources */,
				0478A0EE221CD07F00FF26B6 /* PixelBuffer.swift in Sources */,
				0410F1EC215D5543009144E7 /* ViewController.swift in Sources */,
				0478A0ED221CD07F00FF26B6 /* Errors.swift in Sources */,
				0410F1EA215D5543009144E7 /* AppDelegate.swift in Sources */,
			);
			runOnlyForDeploymentPostprocessing = 0;
		};
/* End PBXSourcesBuildPhase section */

/* Begin PBXVariantGroup section */
		0410F1ED215D5543009144E7 /* Main.storyboard */ = {
			isa = PBXVariantGroup;
			children = (
				0410F1EE215D5543009144E7 /* Base */,
			);
			name = Main.storyboard;
			sourceTree = "<group>";
		};
		0410F1F2215D5544009144E7 /* LaunchScreen.storyboard */ = {
			isa = PBXVariantGroup;
			children = (
				0410F1F3215D5544009144E7 /* Base */,
			);
			name = LaunchScreen.storyboard;
			sourceTree = "<group>";
		};
/* End PBXVariantGroup section */

/* Begin XCBuildConfiguration section */
		0410F1F6215D5544009144E7 /* Debug */ = {
			isa = XCBuildConfiguration;
			buildSettings = {
				ALWAYS_SEARCH_USER_PATHS = NO;
				CLANG_ANALYZER_NONNULL = YES;
				CLANG_ANALYZER_NUMBER_OBJECT_CONVERSION = YES_AGGRESSIVE;
				CLANG_CXX_LANGUAGE_STANDARD = "gnu++14";
				CLANG_CXX_LIBRARY = "libc++";
				CLANG_ENABLE_MODULES = YES;
				CLANG_ENABLE_OBJC_ARC = YES;
				CLANG_ENABLE_OBJC_WEAK = YES;
				CLANG_WARN_BLOCK_CAPTURE_AUTORELEASING = YES;
				CLANG_WARN_BOOL_CONVERSION = YES;
				CLANG_WARN_COMMA = YES;
				CLANG_WARN_CONSTANT_CONVERSION = YES;
				CLANG_WARN_DEPRECATED_OBJC_IMPLEMENTATIONS = YES;
				CLANG_WARN_DIRECT_OBJC_ISA_USAGE = YES_ERROR;
				CLANG_WARN_DOCUMENTATION_COMMENTS = YES;
				CLANG_WARN_EMPTY_BODY = YES;
				CLANG_WARN_ENUM_CONVERSION = YES;
				CLANG_WARN_INFINITE_RECURSION = YES;
				CLANG_WARN_INT_CONVERSION = YES;
				CLANG_WARN_NON_LITERAL_NULL_CONVERSION = YES;
				CLANG_WARN_OBJC_IMPLICIT_RETAIN_SELF = YES;
				CLANG_WARN_OBJC_LITERAL_CONVERSION = YES;
				CLANG_WARN_OBJC_ROOT_CLASS = YES_ERROR;
				CLANG_WARN_RANGE_LOOP_ANALYSIS = YES;
				CLANG_WARN_STRICT_PROTOTYPES = YES;
				CLANG_WARN_SUSPICIOUS_MOVE = YES;
				CLANG_WARN_UNGUARDED_AVAILABILITY = YES_AGGRESSIVE;
				CLANG_WARN_UNREACHABLE_CODE = YES;
				CLANG_WARN__DUPLICATE_METHOD_MATCH = YES;
				CODE_SIGN_IDENTITY = "iPhone Developer";
				COPY_PHASE_STRIP = NO;
				DEBUG_INFORMATION_FORMAT = dwarf;
				ENABLE_STRICT_OBJC_MSGSEND = YES;
				ENABLE_TESTABILITY = YES;
				GCC_C_LANGUAGE_STANDARD = gnu11;
				GCC_DYNAMIC_NO_PIC = NO;
				GCC_NO_COMMON_BLOCKS = YES;
				GCC_OPTIMIZATION_LEVEL = 0;
				GCC_PREPROCESSOR_DEFINITIONS = (
					"DEBUG=1",
					"$(inherited)",
				);
				GCC_WARN_64_TO_32_BIT_CONVERSION = YES;
				GCC_WARN_ABOUT_RETURN_TYPE = YES_ERROR;
				GCC_WARN_UNDECLARED_SELECTOR = YES;
				GCC_WARN_UNINITIALIZED_AUTOS = YES_AGGRESSIVE;
				GCC_WARN_UNUSED_FUNCTION = YES;
				GCC_WARN_UNUSED_VARIABLE = YES;
				IPHONEOS_DEPLOYMENT_TARGET = 11.4;
				MTL_ENABLE_DEBUG_INFO = YES;
				ONLY_ACTIVE_ARCH = YES;
				SDKROOT = iphoneos;
				SWIFT_ACTIVE_COMPILATION_CONDITIONS = DEBUG;
				SWIFT_OPTIMIZATION_LEVEL = "-Onone";
			};
			name = Debug;
		};
		0410F1F7215D5544009144E7 /* Release */ = {
			isa = XCBuildConfiguration;
			buildSettings = {
				ALWAYS_SEARCH_USER_PATHS = NO;
				CLANG_ANALYZER_NONNULL = YES;
				CLANG_ANALYZER_NUMBER_OBJECT_CONVERSION = YES_AGGRESSIVE;
				CLANG_CXX_LANGUAGE_STANDARD = "gnu++14";
				CLANG_CXX_LIBRARY = "libc++";
				CLANG_ENABLE_MODULES = YES;
				CLANG_ENABLE_OBJC_ARC = YES;
				CLANG_ENABLE_OBJC_WEAK = YES;
				CLANG_WARN_BLOCK_CAPTURE_AUTORELEASING = YES;
				CLANG_WARN_BOOL_CONVERSION = YES;
				CLANG_WARN_COMMA = YES;
				CLANG_WARN_CONSTANT_CONVERSION = YES;
				CLANG_WARN_DEPRECATED_OBJC_IMPLEMENTATIONS = YES;
				CLANG_WARN_DIRECT_OBJC_ISA_USAGE = YES_ERROR;
				CLANG_WARN_DOCUMENTATION_COMMENTS = YES;
				CLANG_WARN_EMPTY_BODY = YES;
				CLANG_WARN_ENUM_CONVERSION = YES;
				CLANG_WARN_INFINITE_RECURSION = YES;
				CLANG_WARN_INT_CONVERSION = YES;
				CLANG_WARN_NON_LITERAL_NULL_CONVERSION = YES;
				CLANG_WARN_OBJC_IMPLICIT_RETAIN_SELF = YES;
				CLANG_WARN_OBJC_LITERAL_CONVERSION = YES;
				CLANG_WARN_OBJC_ROOT_CLASS = YES_ERROR;
				CLANG_WARN_RANGE_LOOP_ANALYSIS = YES;
				CLANG_WARN_STRICT_PROTOTYPES = YES;
				CLANG_WARN_SUSPICIOUS_MOVE = YES;
				CLANG_WARN_UNGUARDED_AVAILABILITY = YES_AGGRESSIVE;
				CLANG_WARN_UNREACHABLE_CODE = YES;
				CLANG_WARN__DUPLICATE_METHOD_MATCH = YES;
				CODE_SIGN_IDENTITY = "iPhone Developer";
				COPY_PHASE_STRIP = NO;
				DEBUG_INFORMATION_FORMAT = "dwarf-with-dsym";
				ENABLE_NS_ASSERTIONS = NO;
				ENABLE_STRICT_OBJC_MSGSEND = YES;
				GCC_C_LANGUAGE_STANDARD = gnu11;
				GCC_NO_COMMON_BLOCKS = YES;
				GCC_WARN_64_TO_32_BIT_CONVERSION = YES;
				GCC_WARN_ABOUT_RETURN_TYPE = YES_ERROR;
				GCC_WARN_UNDECLARED_SELECTOR = YES;
				GCC_WARN_UNINITIALIZED_AUTOS = YES_AGGRESSIVE;
				GCC_WARN_UNUSED_FUNCTION = YES;
				GCC_WARN_UNUSED_VARIABLE = YES;
				IPHONEOS_DEPLOYMENT_TARGET = 11.4;
				MTL_ENABLE_DEBUG_INFO = NO;
				SDKROOT = iphoneos;
				SWIFT_COMPILATION_MODE = wholemodule;
				SWIFT_OPTIMIZATION_LEVEL = "-O";
				VALIDATE_PRODUCT = YES;
			};
			name = Release;
		};
		0410F1F9215D5544009144E7 /* Debug */ = {
			isa = XCBuildConfiguration;
			baseConfigurationReference = 43815A936B3AD586041EEF31 /* Pods-VideoExporter.debug.xcconfig */;
			buildSettings = {
				ASSETCATALOG_COMPILER_APPICON_NAME = AppIcon;
				CODE_SIGN_STYLE = Automatic;
				DEVELOPMENT_TEAM = LWBX93Z4M2;
				INFOPLIST_FILE = VideoExporter/Info.plist;
				LD_RUNPATH_SEARCH_PATHS = (
					"$(inherited)",
					"@executable_path/Frameworks",
				);
				PRODUCT_BUNDLE_IDENTIFIER = com.zigi.VideoExporter;
				PRODUCT_NAME = "$(TARGET_NAME)";
				SWIFT_VERSION = 3.0;
				TARGETED_DEVICE_FAMILY = "1,2";
			};
			name = Debug;
		};
		0410F1FA215D5544009144E7 /* Release */ = {
			isa = XCBuildConfiguration;
			baseConfigurationReference = B4D86512BA722D903F7DC73C /* Pods-VideoExporter.release.xcconfig */;
			buildSettings = {
				ASSETCATALOG_COMPILER_APPICON_NAME = AppIcon;
				CODE_SIGN_STYLE = Automatic;
				DEVELOPMENT_TEAM = LWBX93Z4M2;
				INFOPLIST_FILE = VideoExporter/Info.plist;
				LD_RUNPATH_SEARCH_PATHS = (
					"$(inherited)",
					"@executable_path/Frameworks",
				);
				PRODUCT_BUNDLE_IDENTIFIER = com.zigi.VideoExporter;
				PRODUCT_NAME = "$(TARGET_NAME)";
				SWIFT_VERSION = 3.0;
				TARGETED_DEVICE_FAMILY = "1,2";
			};
			name = Release;
		};
/* End XCBuildConfiguration section */

/* Begin XCConfigurationList section */
		0410F1E1215D5543009144E7 /* Build configuration list for PBXProject "VideoExporter" */ = {
			isa = XCConfigurationList;
			buildConfigurations = (
				0410F1F6215D5544009144E7 /* Debug */,
				0410F1F7215D5544009144E7 /* Release */,
			);
			defaultConfigurationIsVisible = 0;
			defaultConfigurationName = Release;
		};
		0410F1F8215D5544009144E7 /* Build configuration list for PBXNativeTarget "VideoExporter" */ = {
			isa = XCConfigurationList;
			buildConfigurations = (
				0410F1F9215D5544009144E7 /* Debug */,
				0410F1FA215D5544009144E7 /* Release */,
			);
			defaultConfigurationIsVisible = 0;
			defaultConfigurationName = Release;
		};
/* End XCConfigurationList section */
	};
	rootObject = 0410F1DE215D5543009144E7 /* Project object */;
}
